
Microsoft Visual Studio Solution File, Format Version 12.00
# Visual Studio Version 17
VisualStudioVersion = 17.11.35222.181
MinimumVisualStudioVersion = 10.0.40219.1
Project("{FAE04EC0-301F-11D3-BF4B-00C04F79EFBC}") = "WheelOfFortune", "WheelOfFortune\WheelOfFortune.csproj", "{951E49D2-135A-4084-BE35-FABEFF310849}"
EndProject
Global
	GlobalSection(SolutionConfigurationPlatforms) = preSolution
		Debug|Any CPU = Debug|Any CPU
		Release|Any CPU = Release|Any CPU
	EndGlobalSection
	GlobalSection(ProjectConfigurationPlatforms) = postSolution
		{951E49D2-135A-4084-BE35-FABEFF310849}.Debug|Any CPU.ActiveCfg = Debug|Any CPU
		{951E49D2-135A-4084-BE35-FABEFF310849}.Debug|Any CPU.Build.0 = Debug|Any CPU
		{951E49D2-135A-4084-BE35-FABEFF310849}.Release|Any CPU.ActiveCfg = Release|Any CPU
		{951E49D2-135A-4084-BE35-FABEFF310849}.Release|Any CPU.Build.0 = Release|Any CPU
	EndGlobalSection
	GlobalSection(SolutionProperties) = preSolution
		HideSolutionNode = FALSE
	EndGlobalSection
	GlobalSection(ExtensibilityGlobals) = postSolution
		SolutionGuid = {8296E54E-73C0-4A19-B84F-B68CA03A626A}
	EndGlobalSection
EndGlobal
